
Microsoft Visual Studio Solution File, Format Version 12.00
# Visual Studio 15
VisualStudioVersion = 15.0.27703.2047
MinimumVisualStudioVersion = 10.0.40219.1
Project("{FAE04EC0-301F-11D3-BF4B-00C04F79EFBC}") = "Ejercicio67", "Ejercicio67\Ejercicio67.csproj", "{86ABDFAA-8A7D-418C-B3BC-F85448C42FF3}"
EndProject
Global
	GlobalSection(SolutionConfigurationPlatforms) = preSolution
		Debug|Any CPU = Debug|Any CPU
		Release|Any CPU = Release|Any CPU
	EndGlobalSection
	GlobalSection(ProjectConfigurationPlatforms) = postSolution
		{86ABDFAA-8A7D-418C-B3BC-F85448C42FF3}.Debug|Any CPU.ActiveCfg = Debug|Any CPU
		{86ABDFAA-8A7D-418C-B3BC-F85448C42FF3}.Debug|Any CPU.Build.0 = Debug|Any CPU
		{86ABDFAA-8A7D-418C-B3BC-F85448C42FF3}.Release|Any CPU.ActiveCfg = Release|Any CPU
		{86ABDFAA-8A7D-418C-B3BC-F85448C42FF3}.Release|Any CPU.Build.0 = Release|Any CPU
	EndGlobalSection
	GlobalSection(SolutionProperties) = preSolution
		HideSolutionNode = FALSE
	EndGlobalSection
	GlobalSection(ExtensibilityGlobals) = postSolution
		SolutionGuid = {DF2BC476-A2BB-4668-9474-7871084B71CA}
	EndGlobalSection
EndGlobal
