
Microsoft Visual Studio Solution File, Format Version 12.00
# Visual Studio 15
VisualStudioVersion = 15.0.27703.2047
MinimumVisualStudioVersion = 10.0.40219.1
Project("{FAE04EC0-301F-11D3-BF4B-00C04F79EFBC}") = "Ejercicio69", "Ejercicio69\Ejercicio69.csproj", "{1D55CB6D-620F-4875-B6A1-1BA221A04691}"
EndProject
Global
	GlobalSection(SolutionConfigurationPlatforms) = preSolution
		Debug|Any CPU = Debug|Any CPU
		Release|Any CPU = Release|Any CPU
	EndGlobalSection
	GlobalSection(ProjectConfigurationPlatforms) = postSolution
		{1D55CB6D-620F-4875-B6A1-1BA221A04691}.Debug|Any CPU.ActiveCfg = Debug|Any CPU
		{1D55CB6D-620F-4875-B6A1-1BA221A04691}.Debug|Any CPU.Build.0 = Debug|Any CPU
		{1D55CB6D-620F-4875-B6A1-1BA221A04691}.Release|Any CPU.ActiveCfg = Release|Any CPU
		{1D55CB6D-620F-4875-B6A1-1BA221A04691}.Release|Any CPU.Build.0 = Release|Any CPU
	EndGlobalSection
	GlobalSection(SolutionProperties) = preSolution
		HideSolutionNode = FALSE
	EndGlobalSection
	GlobalSection(ExtensibilityGlobals) = postSolution
		SolutionGuid = {DE49B8E4-7EF3-49EB-BFBE-CDF0E95CC588}
	EndGlobalSection
EndGlobal
