
Microsoft Visual Studio Solution File, Format Version 12.00
# Visual Studio 15
VisualStudioVersion = 15.0.28307.572
MinimumVisualStudioVersion = 10.0.40219.1
Project("{FAE04EC0-301F-11D3-BF4B-00C04F79EFBC}") = "Entidades", "Entidades\Entidades.csproj", "{69224B34-A403-40E9-B37F-77F5626E2951}"
EndProject
Project("{FAE04EC0-301F-11D3-BF4B-00C04F79EFBC}") = "MiCalculadora", "MiCalculadora\MiCalculadora.csproj", "{4BB0F1E3-C552-495C-BE92-1001AADFBF88}"
EndProject
Global
	GlobalSection(SolutionConfigurationPlatforms) = preSolution
		Debug|Any CPU = Debug|Any CPU
		Release|Any CPU = Release|Any CPU
	EndGlobalSection
	GlobalSection(ProjectConfigurationPlatforms) = postSolution
		{69224B34-A403-40E9-B37F-77F5626E2951}.Debug|Any CPU.ActiveCfg = Debug|Any CPU
		{69224B34-A403-40E9-B37F-77F5626E2951}.Debug|Any CPU.Build.0 = Debug|Any CPU
		{69224B34-A403-40E9-B37F-77F5626E2951}.Release|Any CPU.ActiveCfg = Release|Any CPU
		{69224B34-A403-40E9-B37F-77F5626E2951}.Release|Any CPU.Build.0 = Release|Any CPU
		{4BB0F1E3-C552-495C-BE92-1001AADFBF88}.Debug|Any CPU.ActiveCfg = Debug|Any CPU
		{4BB0F1E3-C552-495C-BE92-1001AADFBF88}.Debug|Any CPU.Build.0 = Debug|Any CPU
		{4BB0F1E3-C552-495C-BE92-1001AADFBF88}.Release|Any CPU.ActiveCfg = Release|Any CPU
		{4BB0F1E3-C552-495C-BE92-1001AADFBF88}.Release|Any CPU.Build.0 = Release|Any CPU
	EndGlobalSection
	GlobalSection(SolutionProperties) = preSolution
		HideSolutionNode = FALSE
	EndGlobalSection
	GlobalSection(ExtensibilityGlobals) = postSolution
		SolutionGuid = {93132F1F-F963-48CB-9F16-4DC188EED37C}
	EndGlobalSection
EndGlobal
