
Microsoft Visual Studio Solution File, Format Version 12.00
# Visual Studio 15
VisualStudioVersion = 15.0.27703.2047
MinimumVisualStudioVersion = 10.0.40219.1
Project("{FAE04EC0-301F-11D3-BF4B-00C04F79EFBC}") = "Clase1", "Clase1\Clase1.csproj", "{372B1BC6-7F15-4B8B-A2EB-7F5D8D573932}"
EndProject
Project("{FAE04EC0-301F-11D3-BF4B-00C04F79EFBC}") = "Ejercicio2", "Ejercicio2\Ejercicio2.csproj", "{61D8403C-1CF7-4271-A35C-3D030CE8AF41}"
EndProject
Project("{FAE04EC0-301F-11D3-BF4B-00C04F79EFBC}") = "Ejercicio3", "Ejercicio3\Ejercicio3.csproj", "{5A674B3D-2FAB-4014-8B6C-E8F8B708B6E0}"
EndProject
Project("{FAE04EC0-301F-11D3-BF4B-00C04F79EFBC}") = "Ejercicio4", "Ejercicio4\Ejercicio4.csproj", "{92EEB8C4-682F-4673-BBA6-1904F78D0615}"
EndProject
Project("{FAE04EC0-301F-11D3-BF4B-00C04F79EFBC}") = "Ejercicio5", "Ejercicio5\Ejercicio5.csproj", "{1021FD3C-672A-49A5-8EAC-DB52A3E3B0E8}"
EndProject
Project("{FAE04EC0-301F-11D3-BF4B-00C04F79EFBC}") = "Ejercicio6", "Ejercicio6\Ejercicio6.csproj", "{A0F6D2D5-E8DB-43F1-95FD-4EFD08737833}"
EndProject
Project("{FAE04EC0-301F-11D3-BF4B-00C04F79EFBC}") = "Ejercicio7", "Ejercicio7\Ejercicio7.csproj", "{BAA2D72B-B92E-4BBC-9B3A-5BE03E927103}"
EndProject
Project("{FAE04EC0-301F-11D3-BF4B-00C04F79EFBC}") = "Ejercicio16", "Ejercicio16\Ejercicio16.csproj", "{776A4C3D-E38A-4771-8BEF-803A312FC655}"
EndProject
Project("{FAE04EC0-301F-11D3-BF4B-00C04F79EFBC}") = "Ejercicio17", "Ejercicio17\Ejercicio17.csproj", "{A6E2B23F-7B05-405B-A7C1-903C0E47AA5E}"
EndProject
Project("{FAE04EC0-301F-11D3-BF4B-00C04F79EFBC}") = "Ejercicio33", "Ejercicio33\Ejercicio33.csproj", "{F6894235-096B-4447-8C53-22157CB47BB3}"
EndProject
Global
	GlobalSection(SolutionConfigurationPlatforms) = preSolution
		Debug|Any CPU = Debug|Any CPU
		Release|Any CPU = Release|Any CPU
	EndGlobalSection
	GlobalSection(ProjectConfigurationPlatforms) = postSolution
		{372B1BC6-7F15-4B8B-A2EB-7F5D8D573932}.Debug|Any CPU.ActiveCfg = Debug|Any CPU
		{372B1BC6-7F15-4B8B-A2EB-7F5D8D573932}.Debug|Any CPU.Build.0 = Debug|Any CPU
		{372B1BC6-7F15-4B8B-A2EB-7F5D8D573932}.Release|Any CPU.ActiveCfg = Release|Any CPU
		{372B1BC6-7F15-4B8B-A2EB-7F5D8D573932}.Release|Any CPU.Build.0 = Release|Any CPU
		{61D8403C-1CF7-4271-A35C-3D030CE8AF41}.Debug|Any CPU.ActiveCfg = Debug|Any CPU
		{61D8403C-1CF7-4271-A35C-3D030CE8AF41}.Debug|Any CPU.Build.0 = Debug|Any CPU
		{61D8403C-1CF7-4271-A35C-3D030CE8AF41}.Release|Any CPU.ActiveCfg = Release|Any CPU
		{61D8403C-1CF7-4271-A35C-3D030CE8AF41}.Release|Any CPU.Build.0 = Release|Any CPU
		{5A674B3D-2FAB-4014-8B6C-E8F8B708B6E0}.Debug|Any CPU.ActiveCfg = Debug|Any CPU
		{5A674B3D-2FAB-4014-8B6C-E8F8B708B6E0}.Debug|Any CPU.Build.0 = Debug|Any CPU
		{5A674B3D-2FAB-4014-8B6C-E8F8B708B6E0}.Release|Any CPU.ActiveCfg = Release|Any CPU
		{5A674B3D-2FAB-4014-8B6C-E8F8B708B6E0}.Release|Any CPU.Build.0 = Release|Any CPU
		{92EEB8C4-682F-4673-BBA6-1904F78D0615}.Debug|Any CPU.ActiveCfg = Debug|Any CPU
		{92EEB8C4-682F-4673-BBA6-1904F78D0615}.Debug|Any CPU.Build.0 = Debug|Any CPU
		{92EEB8C4-682F-4673-BBA6-1904F78D0615}.Release|Any CPU.ActiveCfg = Release|Any CPU
		{92EEB8C4-682F-4673-BBA6-1904F78D0615}.Release|Any CPU.Build.0 = Release|Any CPU
		{1021FD3C-672A-49A5-8EAC-DB52A3E3B0E8}.Debug|Any CPU.ActiveCfg = Debug|Any CPU
		{1021FD3C-672A-49A5-8EAC-DB52A3E3B0E8}.Debug|Any CPU.Build.0 = Debug|Any CPU
		{1021FD3C-672A-49A5-8EAC-DB52A3E3B0E8}.Release|Any CPU.ActiveCfg = Release|Any CPU
		{1021FD3C-672A-49A5-8EAC-DB52A3E3B0E8}.Release|Any CPU.Build.0 = Release|Any CPU
		{A0F6D2D5-E8DB-43F1-95FD-4EFD08737833}.Debug|Any CPU.ActiveCfg = Debug|Any CPU
		{A0F6D2D5-E8DB-43F1-95FD-4EFD08737833}.Debug|Any CPU.Build.0 = Debug|Any CPU
		{A0F6D2D5-E8DB-43F1-95FD-4EFD08737833}.Release|Any CPU.ActiveCfg = Release|Any CPU
		{A0F6D2D5-E8DB-43F1-95FD-4EFD08737833}.Release|Any CPU.Build.0 = Release|Any CPU
		{BAA2D72B-B92E-4BBC-9B3A-5BE03E927103}.Debug|Any CPU.ActiveCfg = Debug|Any CPU
		{BAA2D72B-B92E-4BBC-9B3A-5BE03E927103}.Debug|Any CPU.Build.0 = Debug|Any CPU
		{BAA2D72B-B92E-4BBC-9B3A-5BE03E927103}.Release|Any CPU.ActiveCfg = Release|Any CPU
		{BAA2D72B-B92E-4BBC-9B3A-5BE03E927103}.Release|Any CPU.Build.0 = Release|Any CPU
		{776A4C3D-E38A-4771-8BEF-803A312FC655}.Debug|Any CPU.ActiveCfg = Debug|Any CPU
		{776A4C3D-E38A-4771-8BEF-803A312FC655}.Debug|Any CPU.Build.0 = Debug|Any CPU
		{776A4C3D-E38A-4771-8BEF-803A312FC655}.Release|Any CPU.ActiveCfg = Release|Any CPU
		{776A4C3D-E38A-4771-8BEF-803A312FC655}.Release|Any CPU.Build.0 = Release|Any CPU
		{A6E2B23F-7B05-405B-A7C1-903C0E47AA5E}.Debug|Any CPU.ActiveCfg = Debug|Any CPU
		{A6E2B23F-7B05-405B-A7C1-903C0E47AA5E}.Debug|Any CPU.Build.0 = Debug|Any CPU
		{A6E2B23F-7B05-405B-A7C1-903C0E47AA5E}.Release|Any CPU.ActiveCfg = Release|Any CPU
		{A6E2B23F-7B05-405B-A7C1-903C0E47AA5E}.Release|Any CPU.Build.0 = Release|Any CPU
		{F6894235-096B-4447-8C53-22157CB47BB3}.Debug|Any CPU.ActiveCfg = Debug|Any CPU
		{F6894235-096B-4447-8C53-22157CB47BB3}.Debug|Any CPU.Build.0 = Debug|Any CPU
		{F6894235-096B-4447-8C53-22157CB47BB3}.Release|Any CPU.ActiveCfg = Release|Any CPU
		{F6894235-096B-4447-8C53-22157CB47BB3}.Release|Any CPU.Build.0 = Release|Any CPU
	EndGlobalSection
	GlobalSection(SolutionProperties) = preSolution
		HideSolutionNode = FALSE
	EndGlobalSection
	GlobalSection(ExtensibilityGlobals) = postSolution
		SolutionGuid = {9BF13DF0-16E6-43CF-A5CA-2A6235B648BB}
	EndGlobalSection
EndGlobal
